
Microsoft Visual Studio Solution File, Format Version 12.00
# Visual Studio Version 17
VisualStudioVersion = 17.10.34928.147
MinimumVisualStudioVersion = 10.0.40219.1
Project("{FAE04EC0-301F-11D3-BF4B-00C04F79EFBC}") = "WebsNetz", "WebsNetz.csproj", "{8FC378CD-4A24-4235-946E-8F354A3E4526}"
EndProject
Global
	GlobalSection(SolutionConfigurationPlatforms) = preSolution
		Debug|Any CPU = Debug|Any CPU
		Release|Any CPU = Release|Any CPU
	EndGlobalSection
	GlobalSection(ProjectConfigurationPlatforms) = postSolution
		{8FC378CD-4A24-4235-946E-8F354A3E4526}.Debug|Any CPU.ActiveCfg = Debug|Any CPU
		{8FC378CD-4A24-4235-946E-8F354A3E4526}.Debug|Any CPU.Build.0 = Debug|Any CPU
		{8FC378CD-4A24-4235-946E-8F354A3E4526}.Release|Any CPU.ActiveCfg = Release|Any CPU
		{8FC378CD-4A24-4235-946E-8F354A3E4526}.Release|Any CPU.Build.0 = Release|Any CPU
	EndGlobalSection
	GlobalSection(SolutionProperties) = preSolution
		HideSolutionNode = FALSE
	EndGlobalSection
	GlobalSection(ExtensibilityGlobals) = postSolution
		SolutionGuid = {E65EA36F-21BE-43A4-BB6D-82B3AE5C773C}
	EndGlobalSection
EndGlobal
